// !$*UTF8*$!
{
	archiveVersion = 1;
	classes = {
	};
	objectVersion = 50;
	objects = {

/* Begin PBXBuildFile section */
		6FBD12E4253EEFF9007117BC /* AppDelegate.swift in Sources */ = {isa = PBXBuildFile; fileRef = 6FBD12E3253EEFF9007117BC /* AppDelegate.swift */; };
		6FBD12EB253EEFF9007117BC /* Main.storyboard in Resources */ = {isa = PBXBuildFile; fileRef = 6FBD12E9253EEFF9007117BC /* Main.storyboard */; };
		6FBD12EE253EEFF9007117BC /* AppLifeCyle.xcdatamodeld in Sources */ = {isa = PBXBuildFile; fileRef = 6FBD12EC253EEFF9007117BC /* AppLifeCyle.xcdatamodeld */; };
		6FBD12F0253EEFFB007117BC /* Assets.xcassets in Resources */ = {isa = PBXBuildFile; fileRef = 6FBD12EF253EEFFB007117BC /* Assets.xcassets */; };
		6FBD12F3253EEFFB007117BC /* LaunchScreen.storyboard in Resources */ = {isa = PBXBuildFile; fileRef = 6FBD12F1253EEFFB007117BC /* LaunchScreen.storyboard */; };
		6FBD12FB253EFDC3007117BC /* SceneDelegate.swift in Sources */ = {isa = PBXBuildFile; fileRef = 6FBD12FA253EFDC3007117BC /* SceneDelegate.swift */; };
		6FBD12FD253F001C007117BC /* ViewController.swift in Sources */ = {isa = PBXBuildFile; fileRef = 6FBD12FC253F001C007117BC /* ViewController.swift */; };
		6FBD1301253F09B3007117BC /* Gang Gang Schiele.mp3 in Resources */ = {isa = PBXBuildFile; fileRef = 6FBD1300253F09B3007117BC /* Gang Gang Schiele.mp3 */; };
/* End PBXBuildFile section */

/* Begin PBXFileReference section */
		6FBD12E0253EEFF9007117BC /* AppLifeCyle.app */ = {isa = PBXFileReference; explicitFileType = wrapper.application; includeInIndex = 0; path = AppLifeCyle.app; sourceTree = BUILT_PRODUCTS_DIR; };
		6FBD12E3253EEFF9007117BC /* AppDelegate.swift */ = {isa = PBXFileReference; lastKnownFileType = sourcecode.swift; path = AppDelegate.swift; sourceTree = "<group>"; };
		6FBD12EA253EEFF9007117BC /* Base */ = {isa = PBXFileReference; lastKnownFileType = file.storyboard; name = Base; path = Base.lproj/Main.storyboard; sourceTree = "<group>"; };
		6FBD12ED253EEFF9007117BC /* AppLifeCyle.xcdatamodel */ = {isa = PBXFileReference; lastKnownFileType = wrapper.xcdatamodel; path = AppLifeCyle.xcdatamodel; sourceTree = "<group>"; };
		6FBD12EF253EEFFB007117BC /* Assets.xcassets */ = {isa = PBXFileReference; lastKnownFileType = folder.assetcatalog; path = Assets.xcassets; sourceTree = "<group>"; };
		6FBD12F2253EEFFB007117BC /* Base */ = {isa = PBXFileReference; lastKnownFileType = file.storyboard; name = Base; path = Base.lproj/LaunchScreen.storyboard; sourceTree = "<group>"; };
		6FBD12F4253EEFFB007117BC /* Info.plist */ = {isa = PBXFileReference; lastKnownFileType = text.plist.xml; path = Info.plist; sourceTree = "<group>"; };
		6FBD12FA253EFDC3007117BC /* SceneDelegate.swift */ = {isa = PBXFileReference; fileEncoding = 4; lastKnownFileType = sourcecode.swift; name = SceneDelegate.swift; path = ../../../.Trash/SceneDelegate.swift; sourceTree = "<group>"; };
		6FBD12FC253F001C007117BC /* ViewController.swift */ = {isa = PBXFileReference; fileEncoding = 4; lastKnownFileType = sourcecode.swift; name = ViewController.swift; path = ../../../.Trash/ViewController.swift; sourceTree = "<group>"; };
		6FBD1300253F09B3007117BC /* Gang Gang Schiele.mp3 */ = {isa = PBXFileReference; lastKnownFileType = audio.mp3; path = "Gang Gang Schiele.mp3"; sourceTree = "<group>"; };
/* End PBXFileReference section */

/* Begin PBXFrameworksBuildPhase section */
		6FBD12DD253EEFF9007117BC /* Frameworks */ = {
			isa = PBXFrameworksBuildPhase;
			buildActionMask = 2147483647;
			files = (
			);
			runOnlyForDeploymentPostprocessing = 0;
		};
/* End PBXFrameworksBuildPhase section */

/* Begin PBXGroup section */
		6FBD12D7253EEFF9007117BC = {
			isa = PBXGroup;
			children = (
				6FBD12E2253EEFF9007117BC /* AppLifeCyle */,
				6FBD12E1253EEFF9007117BC /* Products */,
			);
			sourceTree = "<group>";
		};
		6FBD12E1253EEFF9007117BC /* Products */ = {
			isa = PBXGroup;
			children = (
				6FBD12E0253EEFF9007117BC /* AppLifeCyle.app */,
			);
			name = Products;
			sourceTree = "<group>";
		};
		6FBD12E2253EEFF9007117BC /* AppLifeCyle */ = {
			isa = PBXGroup;
			children = (
				6FBD12E3253EEFF9007117BC /* AppDelegate.swift */,
				6FBD12FA253EFDC3007117BC /* SceneDelegate.swift */,
				6FBD12FC253F001C007117BC /* ViewController.swift */,
				6FBD12E9253EEFF9007117BC /* Main.storyboard */,
				6FBD12EF253EEFFB007117BC /* Assets.xcassets */,
				6FBD1300253F09B3007117BC /* Gang Gang Schiele.mp3 */,
				6FBD12F1253EEFFB007117BC /* LaunchScreen.storyboard */,
				6FBD12F4253EEFFB007117BC /* Info.plist */,
				6FBD12EC253EEFF9007117BC /* AppLifeCyle.xcdatamodeld */,
			);
			path = AppLifeCyle;
			sourceTree = "<group>";
		};
/* End PBXGroup section */

/* Begin PBXNativeTarget section */
		6FBD12DF253EEFF9007117BC /* AppLifeCyle */ = {
			isa = PBXNativeTarget;
			buildConfigurationList = 6FBD12F7253EEFFB007117BC /* Build configuration list for PBXNativeTarget "AppLifeCyle" */;
			buildPhases = (
				6FBD12DC253EEFF9007117BC /* Sources */,
				6FBD12DD253EEFF9007117BC /* Frameworks */,
				6FBD12DE253EEFF9007117BC /* Resources */,
			);
			buildRules = (
			);
			dependencies = (
			);
			name = AppLifeCyle;
			productName = AppLifeCyle;
			productReference = 6FBD12E0253EEFF9007117BC /* AppLifeCyle.app */;
			productType = "com.apple.product-type.application";
		};
/* End PBXNativeTarget section */

/* Begin PBXProject section */
		6FBD12D8253EEFF9007117BC /* Project object */ = {
			isa = PBXProject;
			attributes = {
				LastSwiftUpdateCheck = 1160;
				LastUpgradeCheck = 1160;
				ORGANIZATIONNAME = young;
				TargetAttributes = {
					6FBD12DF253EEFF9007117BC = {
						CreatedOnToolsVersion = 11.6;
					};
				};
			};
			buildConfigurationList = 6FBD12DB253EEFF9007117BC /* Build configuration list for PBXProject "AppLifeCyle" */;
			compatibilityVersion = "Xcode 9.3";
			developmentRegion = en;
			hasScannedForEncodings = 0;
			knownRegions = (
				en,
				Base,
			);
			mainGroup = 6FBD12D7253EEFF9007117BC;
			productRefGroup = 6FBD12E1253EEFF9007117BC /* Products */;
			projectDirPath = "";
			projectRoot = "";
			targets = (
				6FBD12DF253EEFF9007117BC /* AppLifeCyle */,
			);
		};
/* End PBXProject section */

/* Begin PBXResourcesBuildPhase section */
		6FBD12DE253EEFF9007117BC /* Resources */ = {
			isa = PBXResourcesBuildPhase;
			buildActionMask = 2147483647;
			files = (
				6FBD12F3253EEFFB007117BC /* LaunchScreen.storyboard in Resources */,
				6FBD12F0253EEFFB007117BC /* Assets.xcassets in Resources */,
				6FBD1301253F09B3007117BC /* Gang Gang Schiele.mp3 in Resources */,
				6FBD12EB253EEFF9007117BC /* Main.storyboard in Resources */,
			);
			runOnlyForDeploymentPostprocessing = 0;
		};
/* End PBXResourcesBuildPhase section */

/* Begin PBXSourcesBuildPhase section */
		6FBD12DC253EEFF9007117BC /* Sources */ = {
			isa = PBXSourcesBuildPhase;
			buildActionMask = 2147483647;
			files = (
				6FBD12E4253EEFF9007117BC /* AppDelegate.swift in Sources */,
				6FBD12EE253EEFF9007117BC /* AppLifeCyle.xcdatamodeld in Sources */,
				6FBD12FD253F001C007117BC /* ViewController.swift in Sources */,
				6FBD12FB253EFDC3007117BC /* SceneDelegate.swift in Sources */,
			);
			runOnlyForDeploymentPostprocessing = 0;
		};
/* End PBXSourcesBuildPhase section */

/* Begin PBXVariantGroup section */
		6FBD12E9253EEFF9007117BC /* Main.storyboard */ = {
			isa = PBXVariantGroup;
			children = (
				6FBD12EA253EEFF9007117BC /* Base */,
			);
			name = Main.storyboard;
			sourceTree = "<group>";
		};
		6FBD12F1253EEFFB007117BC /* LaunchScreen.storyboard */ = {
			isa = PBXVariantGroup;
			children = (
				6FBD12F2253EEFFB007117BC /* Base */,
			);
			name = LaunchScreen.storyboard;
			sourceTree = "<group>";
		};
/* End PBXVariantGroup section */

/* Begin XCBuildConfiguration section */
		6FBD12F5253EEFFB007117BC /* Debug */ = {
			isa = XCBuildConfiguration;
			buildSettings = {
				ALWAYS_SEARCH_USER_PATHS = NO;
				CLANG_ANALYZER_NONNULL = YES;
				CLANG_ANALYZER_NUMBER_OBJECT_CONVERSION = YES_AGGRESSIVE;
				CLANG_CXX_LANGUAGE_STANDARD = "gnu++14";
				CLANG_CXX_LIBRARY = "libc++";
				CLANG_ENABLE_MODULES = YES;
				CLANG_ENABLE_OBJC_ARC = YES;
				CLANG_ENABLE_OBJC_WEAK = YES;
				CLANG_WARN_BLOCK_CAPTURE_AUTORELEASING = YES;
				CLANG_WARN_BOOL_CONVERSION = YES;
				CLANG_WARN_COMMA = YES;
				CLANG_WARN_CONSTANT_CONVERSION = YES;
				CLANG_WARN_DEPRECATED_OBJC_IMPLEMENTATIONS = YES;
				CLANG_WARN_DIRECT_OBJC_ISA_USAGE = YES_ERROR;
				CLANG_WARN_DOCUMENTATION_COMMENTS = YES;
				CLANG_WARN_EMPTY_BODY = YES;
				CLANG_WARN_ENUM_CONVERSION = YES;
				CLANG_WARN_INFINITE_RECURSION = YES;
				CLANG_WARN_INT_CONVERSION = YES;
				CLANG_WARN_NON_LITERAL_NULL_CONVERSION = YES;
				CLANG_WARN_OBJC_IMPLICIT_RETAIN_SELF = YES;
				CLANG_WARN_OBJC_LITERAL_CONVERSION = YES;
				CLANG_WARN_OBJC_ROOT_CLASS = YES_ERROR;
				CLANG_WARN_RANGE_LOOP_ANALYSIS = YES;
				CLANG_WARN_STRICT_PROTOTYPES = YES;
				CLANG_WARN_SUSPICIOUS_MOVE = YES;
				CLANG_WARN_UNGUARDED_AVAILABILITY = YES_AGGRESSIVE;
				CLANG_WARN_UNREACHABLE_CODE = YES;
				CLANG_WARN__DUPLICATE_METHOD_MATCH = YES;
				COPY_PHASE_STRIP = NO;
				DEBUG_INFORMATION_FORMAT = dwarf;
				ENABLE_STRICT_OBJC_MSGSEND = YES;
				ENABLE_TESTABILITY = YES;
				GCC_C_LANGUAGE_STANDARD = gnu11;
				GCC_DYNAMIC_NO_PIC = NO;
				GCC_NO_COMMON_BLOCKS = YES;
				GCC_OPTIMIZATION_LEVEL = 0;
				GCC_PREPROCESSOR_DEFINITIONS = (
					"DEBUG=1",
					"$(inherited)",
				);
				GCC_WARN_64_TO_32_BIT_CONVERSION = YES;
				GCC_WARN_ABOUT_RETURN_TYPE = YES_ERROR;
				GCC_WARN_UNDECLARED_SELECTOR = YES;
				GCC_WARN_UNINITIALIZED_AUTOS = YES_AGGRESSIVE;
				GCC_WARN_UNUSED_FUNCTION = YES;
				GCC_WARN_UNUSED_VARIABLE = YES;
				IPHONEOS_DEPLOYMENT_TARGET = 13.6;
				MTL_ENABLE_DEBUG_INFO = INCLUDE_SOURCE;
				MTL_FAST_MATH = YES;
				ONLY_ACTIVE_ARCH = YES;
				SDKROOT = iphoneos;
				SWIFT_ACTIVE_COMPILATION_CONDITIONS = DEBUG;
				SWIFT_OPTIMIZATION_LEVEL = "-Onone";
			};
			name = Debug;
		};
		6FBD12F6253EEFFB007117BC /* Release */ = {
			isa = XCBuildConfiguration;
			buildSettings = {
				ALWAYS_SEARCH_USER_PATHS = NO;
				CLANG_ANALYZER_NONNULL = YES;
				CLANG_ANALYZER_NUMBER_OBJECT_CONVERSION = YES_AGGRESSIVE;
				CLANG_CXX_LANGUAGE_STANDARD = "gnu++14";
				CLANG_CXX_LIBRARY = "libc++";
				CLANG_ENABLE_MODULES = YES;
				CLANG_ENABLE_OBJC_ARC = YES;
				CLANG_ENABLE_OBJC_WEAK = YES;
				CLANG_WARN_BLOCK_CAPTURE_AUTORELEASING = YES;
				CLANG_WARN_BOOL_CONVERSION = YES;
				CLANG_WARN_COMMA = YES;
				CLANG_WARN_CONSTANT_CONVERSION = YES;
				CLANG_WARN_DEPRECATED_OBJC_IMPLEMENTATIONS = YES;
				CLANG_WARN_DIRECT_OBJC_ISA_USAGE = YES_ERROR;
				CLANG_WARN_DOCUMENTATION_COMMENTS = YES;
				CLANG_WARN_EMPTY_BODY = YES;
				CLANG_WARN_ENUM_CONVERSION = YES;
				CLANG_WARN_INFINITE_RECURSION = YES;
				CLANG_WARN_INT_CONVERSION = YES;
				CLANG_WARN_NON_LITERAL_NULL_CONVERSION = YES;
				CLANG_WARN_OBJC_IMPLICIT_RETAIN_SELF = YES;
				CLANG_WARN_OBJC_LITERAL_CONVERSION = YES;
				CLANG_WARN_OBJC_ROOT_CLASS = YES_ERROR;
				CLANG_WARN_RANGE_LOOP_ANALYSIS = YES;
				CLANG_WARN_STRICT_PROTOTYPES = YES;
				CLANG_WARN_SUSPICIOUS_MOVE = YES;
				CLANG_WARN_UNGUARDED_AVAILABILITY = YES_AGGRESSIVE;
				CLANG_WARN_UNREACHABLE_CODE = YES;
				CLANG_WARN__DUPLICATE_METHOD_MATCH = YES;
				COPY_PHASE_STRIP = NO;
				DEBUG_INFORMATION_FORMAT = "dwarf-with-dsym";
				ENABLE_NS_ASSERTIONS = NO;
				ENABLE_STRICT_OBJC_MSGSEND = YES;
				GCC_C_LANGUAGE_STANDARD = gnu11;
				GCC_NO_COMMON_BLOCKS = YES;
				GCC_WARN_64_TO_32_BIT_CONVERSION = YES;
				GCC_WARN_ABOUT_RETURN_TYPE = YES_ERROR;
				GCC_WARN_UNDECLARED_SELECTOR = YES;
				GCC_WARN_UNINITIALIZED_AUTOS = YES_AGGRESSIVE;
				GCC_WARN_UNUSED_FUNCTION = YES;
				GCC_WARN_UNUSED_VARIABLE = YES;
				IPHONEOS_DEPLOYMENT_TARGET = 13.6;
				MTL_ENABLE_DEBUG_INFO = NO;
				MTL_FAST_MATH = YES;
				SDKROOT = iphoneos;
				SWIFT_COMPILATION_MODE = wholemodule;
				SWIFT_OPTIMIZATION_LEVEL = "-O";
				VALIDATE_PRODUCT = YES;
			};
			name = Release;
		};
		6FBD12F8253EEFFB007117BC /* Debug */ = {
			isa = XCBuildConfiguration;
			buildSettings = {
				ASSETCATALOG_COMPILER_APPICON_NAME = AppIcon;
				CODE_SIGN_STYLE = Automatic;
				DEVELOPMENT_TEAM = P68DANZRW6;
				INFOPLIST_FILE = AppLifeCyle/Info.plist;
				LD_RUNPATH_SEARCH_PATHS = (
					"$(inherited)",
					"@executable_path/Frameworks",
				);
				PRODUCT_BUNDLE_IDENTIFIER = com.young.AppLifeCyle;
				PRODUCT_NAME = "$(TARGET_NAME)";
				SWIFT_VERSION = 5.0;
				TARGETED_DEVICE_FAMILY = "1,2";
			};
			name = Debug;
		};
		6FBD12F9253EEFFB007117BC /* Release */ = {
			isa = XCBuildConfiguration;
			buildSettings = {
				ASSETCATALOG_COMPILER_APPICON_NAME = AppIcon;
				CODE_SIGN_STYLE = Automatic;
				DEVELOPMENT_TEAM = P68DANZRW6;
				INFOPLIST_FILE = AppLifeCyle/Info.plist;
				LD_RUNPATH_SEARCH_PATHS = (
					"$(inherited)",
					"@executable_path/Frameworks",
				);
				PRODUCT_BUNDLE_IDENTIFIER = com.young.AppLifeCyle;
				PRODUCT_NAME = "$(TARGET_NAME)";
				SWIFT_VERSION = 5.0;
				TARGETED_DEVICE_FAMILY = "1,2";
			};
			name = Release;
		};
/* End XCBuildConfiguration section */

/* Begin XCConfigurationList section */
		6FBD12DB253EEFF9007117BC /* Build configuration list for PBXProject "AppLifeCyle" */ = {
			isa = XCConfigurationList;
			buildConfigurations = (
				6FBD12F5253EEFFB007117BC /* Debug */,
				6FBD12F6253EEFFB007117BC /* Release */,
			);
			defaultConfigurationIsVisible = 0;
			defaultConfigurationName = Release;
		};
		6FBD12F7253EEFFB007117BC /* Build configuration list for PBXNativeTarget "AppLifeCyle" */ = {
			isa = XCConfigurationList;
			buildConfigurations = (
				6FBD12F8253EEFFB007117BC /* Debug */,
				6FBD12F9253EEFFB007117BC /* Release */,
			);
			defaultConfigurationIsVisible = 0;
			defaultConfigurationName = Release;
		};
/* End XCConfigurationList section */

/* Begin XCVersionGroup section */
		6FBD12EC253EEFF9007117BC /* AppLifeCyle.xcdatamodeld */ = {
			isa = XCVersionGroup;
			children = (
				6FBD12ED253EEFF9007117BC /* AppLifeCyle.xcdatamodel */,
			);
			currentVersion = 6FBD12ED253EEFF9007117BC /* AppLifeCyle.xcdatamodel */;
			path = AppLifeCyle.xcdatamodeld;
			sourceTree = "<group>";
			versionGroupType = wrapper.xcdatamodel;
		};
/* End XCVersionGroup section */
	};
	rootObject = 6FBD12D8253EEFF9007117BC /* Project object */;
}
